<Solution>
  <Folder Name="/0 Solution Items/">
    <File Path=".gitignore" />
    <File Path="build.cmd" />
    <File Path="build.ps1" />
    <File Path="build.sh" />
    <File Path="CLAUDE.md" />
    <File Path="Directory.Build.props" />
    <File Path="Directory.Packages.props" />
    <File Path="nuget.config" />
    <File Path="README.md" />
    <File Path="version.json" />
  </Folder>
  <Folder Name="/0 Solution Items/.github/">
    <File Path=".github/copilot-instructions.md" />
    <File Path=".github/dependabot.yml" />
  </Folder>
  <Folder Name="/0 Solution Items/.github/workflows/">
    <File Path=".github/workflows/ci.yml" />
    <File Path=".github/workflows/publish-tool.yml" />
  </Folder>
  <Folder Name="/1 src/">
    <Project Path="src/ScatGirl.Core/ScatGirl.Core.csproj" />
    <File Path="src/Directory.Build.props" />
    <Project Path="src/ScatGirl.Cli/ScatGirl.Cli.csproj" />
    <Project Path="src/ScatGirl.Mcp/ScatGirl.Mcp.csproj" />
  </Folder>
  <Folder Name="/2 build/">
    <Project Path="build/ScatGirl.Build.csproj" />
  </Folder>
</Solution>
